// !$*UTF8*$!
{
	archiveVersion = 1;
	classes = {
	};
	objectVersion = 46;
	objects = {

/* Begin PBXBuildFile section */
		418CC1C91CDB4B1D00D2FC40 /* main.m in Sources */ = {isa = PBXBuildFile; fileRef = 418CC1C81CDB4B1D00D2FC40 /* main.m */; };
		418CC1CC1CDB4B1D00D2FC40 /* AppDelegate.m in Sources */ = {isa = PBXBuildFile; fileRef = 418CC1CB1CDB4B1D00D2FC40 /* AppDelegate.m */; };
		418CC1CF1CDB4B1D00D2FC40 /* ViewController.m in Sources */ = {isa = PBXBuildFile; fileRef = 418CC1CE1CDB4B1D00D2FC40 /* ViewController.m */; };
		418CC1D21CDB4B1D00D2FC40 /* Main.storyboard in Resources */ = {isa = PBXBuildFile; fileRef = 418CC1D01CDB4B1D00D2FC40 /* Main.storyboard */; };
		418CC1D41CDB4B1D00D2FC40 /* Assets.xcassets in Resources */ = {isa = PBXBuildFile; fileRef = 418CC1D31CDB4B1D00D2FC40 /* Assets.xcassets */; };
		418CC1D71CDB4B1D00D2FC40 /* LaunchScreen.storyboard in Resources */ = {isa = PBXBuildFile; fileRef = 418CC1D51CDB4B1D00D2FC40 /* LaunchScreen.storyboard */; };
		418CC1E21CDB4B1D00D2FC40 /* _____Tests.m in Sources */ = {isa = PBXBuildFile; fileRef = 418CC1E11CDB4B1D00D2FC40 /* _____Tests.m */; };
		418CC1ED1CDB4B1D00D2FC40 /* _____UITests.m in Sources */ = {isa = PBXBuildFile; fileRef = 418CC1EC1CDB4B1D00D2FC40 /* _____UITests.m */; };
		418CC1FC1CDB4C3200D2FC40 /* MIFirstViewController.m in Sources */ = {isa = PBXBuildFile; fileRef = 418CC1FB1CDB4C3200D2FC40 /* MIFirstViewController.m */; };
		418CC1FF1CDB4C3D00D2FC40 /* MISecondViewController.m in Sources */ = {isa = PBXBuildFile; fileRef = 418CC1FE1CDB4C3D00D2FC40 /* MISecondViewController.m */; };
/* End PBXBuildFile section */

/* Begin PBXContainerItemProxy section */
		418CC1DE1CDB4B1D00D2FC40 /* PBXContainerItemProxy */ = {
			isa = PBXContainerItemProxy;
			containerPortal = 418CC1BC1CDB4B1D00D2FC40 /* Project object */;
			proxyType = 1;
			remoteGlobalIDString = 418CC1C31CDB4B1D00D2FC40;
			remoteInfo = "图形上下文";
		};
		418CC1E91CDB4B1D00D2FC40 /* PBXContainerItemProxy */ = {
			isa = PBXContainerItemProxy;
			containerPortal = 418CC1BC1CDB4B1D00D2FC40 /* Project object */;
			proxyType = 1;
			remoteGlobalIDString = 418CC1C31CDB4B1D00D2FC40;
			remoteInfo = "图形上下文";
		};
/* End PBXContainerItemProxy section */

/* Begin PBXFileReference section */
		418CC1C41CDB4B1D00D2FC40 /* 图形上下文.app */ = {isa = PBXFileReference; explicitFileType = wrapper.application; includeInIndex = 0; path = "图形上下文.app"; sourceTree = BUILT_PRODUCTS_DIR; };
		418CC1C81CDB4B1D00D2FC40 /* main.m */ = {isa = PBXFileReference; lastKnownFileType = sourcecode.c.objc; path = main.m; sourceTree = "<group>"; };
		418CC1CA1CDB4B1D00D2FC40 /* AppDelegate.h */ = {isa = PBXFileReference; lastKnownFileType = sourcecode.c.h; path = AppDelegate.h; sourceTree = "<group>"; };
		418CC1CB1CDB4B1D00D2FC40 /* AppDelegate.m */ = {isa = PBXFileReference; lastKnownFileType = sourcecode.c.objc; path = AppDelegate.m; sourceTree = "<group>"; };
		418CC1CD1CDB4B1D00D2FC40 /* ViewController.h */ = {isa = PBXFileReference; lastKnownFileType = sourcecode.c.h; path = ViewController.h; sourceTree = "<group>"; };
		418CC1CE1CDB4B1D00D2FC40 /* ViewController.m */ = {isa = PBXFileReference; lastKnownFileType = sourcecode.c.objc; path = ViewController.m; sourceTree = "<group>"; };
		418CC1D11CDB4B1D00D2FC40 /* Base */ = {isa = PBXFileReference; lastKnownFileType = file.storyboard; name = Base; path = Base.lproj/Main.storyboard; sourceTree = "<group>"; };
		418CC1D31CDB4B1D00D2FC40 /* Assets.xcassets */ = {isa = PBXFileReference; lastKnownFileType = folder.assetcatalog; path = Assets.xcassets; sourceTree = "<group>"; };
		418CC1D61CDB4B1D00D2FC40 /* Base */ = {isa = PBXFileReference; lastKnownFileType = file.storyboard; name = Base; path = Base.lproj/LaunchScreen.storyboard; sourceTree = "<group>"; };
		418CC1D81CDB4B1D00D2FC40 /* Info.plist */ = {isa = PBXFileReference; lastKnownFileType = text.plist.xml; path = Info.plist; sourceTree = "<group>"; };
		418CC1DD1CDB4B1D00D2FC40 /* 图形上下文Tests.xctest */ = {isa = PBXFileReference; explicitFileType = wrapper.cfbundle; includeInIndex = 0; path = "图形上下文Tests.xctest"; sourceTree = BUILT_PRODUCTS_DIR; };
		418CC1E11CDB4B1D00D2FC40 /* _____Tests.m */ = {isa = PBXFileReference; lastKnownFileType = sourcecode.c.objc; path = "_____Tests.m"; sourceTree = "<group>"; };
		418CC1E31CDB4B1D00D2FC40 /* Info.plist */ = {isa = PBXFileReference; lastKnownFileType = text.plist.xml; path = Info.plist; sourceTree = "<group>"; };
		418CC1E81CDB4B1D00D2FC40 /* 图形上下文UITests.xctest */ = {isa = PBXFileReference; explicitFileType = wrapper.cfbundle; includeInIndex = 0; path = "图形上下文UITests.xctest"; sourceTree = BUILT_PRODUCTS_DIR; };
		418CC1EC1CDB4B1D00D2FC40 /* _____UITests.m */ = {isa = PBXFileReference; lastKnownFileType = sourcecode.c.objc; path = "_____UITests.m"; sourceTree = "<group>"; };
		418CC1EE1CDB4B1D00D2FC40 /* Info.plist */ = {isa = PBXFileReference; lastKnownFileType = text.plist.xml; path = Info.plist; sourceTree = "<group>"; };
		418CC1FA1CDB4C3200D2FC40 /* MIFirstViewController.h */ = {isa = PBXFileReference; fileEncoding = 4; lastKnownFileType = sourcecode.c.h; path = MIFirstViewController.h; sourceTree = "<group>"; };
		418CC1FB1CDB4C3200D2FC40 /* MIFirstViewController.m */ = {isa = PBXFileReference; fileEncoding = 4; lastKnownFileType = sourcecode.c.objc; path = MIFirstViewController.m; sourceTree = "<group>"; };
		418CC1FD1CDB4C3D00D2FC40 /* MISecondViewController.h */ = {isa = PBXFileReference; fileEncoding = 4; lastKnownFileType = sourcecode.c.h; path = MISecondViewController.h; sourceTree = "<group>"; };
		418CC1FE1CDB4C3D00D2FC40 /* MISecondViewController.m */ = {isa = PBXFileReference; fileEncoding = 4; lastKnownFileType = sourcecode.c.objc; path = MISecondViewController.m; sourceTree = "<group>"; };
/* End PBXFileReference section */

/* Begin PBXFrameworksBuildPhase section */
		418CC1C11CDB4B1D00D2FC40 /* Frameworks */ = {
			isa = PBXFrameworksBuildPhase;
			buildActionMask = 2147483647;
			files = (
			);
			runOnlyForDeploymentPostprocessing = 0;
		};
		418CC1DA1CDB4B1D00D2FC40 /* Frameworks */ = {
			isa = PBXFrameworksBuildPhase;
			buildActionMask = 2147483647;
			files = (
			);
			runOnlyForDeploymentPostprocessing = 0;
		};
		418CC1E51CDB4B1D00D2FC40 /* Frameworks */ = {
			isa = PBXFrameworksBuildPhase;
			buildActionMask = 2147483647;
			files = (
			);
			runOnlyForDeploymentPostprocessing = 0;
		};
/* End PBXFrameworksBuildPhase section */

/* Begin PBXGroup section */
		418CC1BB1CDB4B1D00D2FC40 = {
			isa = PBXGroup;
			children = (
				418CC1C61CDB4B1D00D2FC40 /* 图形上下文 */,
				418CC1E01CDB4B1D00D2FC40 /* 图形上下文Tests */,
				418CC1EB1CDB4B1D00D2FC40 /* 图形上下文UITests */,
				418CC1C51CDB4B1D00D2FC40 /* Products */,
			);
			sourceTree = "<group>";
		};
		418CC1C51CDB4B1D00D2FC40 /* Products */ = {
			isa = PBXGroup;
			children = (
				418CC1C41CDB4B1D00D2FC40 /* 图形上下文.app */,
				418CC1DD1CDB4B1D00D2FC40 /* 图形上下文Tests.xctest */,
				418CC1E81CDB4B1D00D2FC40 /* 图形上下文UITests.xctest */,
			);
			name = Products;
			sourceTree = "<group>";
		};
		418CC1C61CDB4B1D00D2FC40 /* 图形上下文 */ = {
			isa = PBXGroup;
			children = (
				418CC1CA1CDB4B1D00D2FC40 /* AppDelegate.h */,
				418CC1CB1CDB4B1D00D2FC40 /* AppDelegate.m */,
				418CC1CD1CDB4B1D00D2FC40 /* ViewController.h */,
				418CC1CE1CDB4B1D00D2FC40 /* ViewController.m */,
				418CC1FA1CDB4C3200D2FC40 /* MIFirstViewController.h */,
				418CC1FB1CDB4C3200D2FC40 /* MIFirstViewController.m */,
				418CC1FD1CDB4C3D00D2FC40 /* MISecondViewController.h */,
				418CC1FE1CDB4C3D00D2FC40 /* MISecondViewController.m */,
				418CC1D01CDB4B1D00D2FC40 /* Main.storyboard */,
				418CC1D31CDB4B1D00D2FC40 /* Assets.xcassets */,
				418CC1D51CDB4B1D00D2FC40 /* LaunchScreen.storyboard */,
				418CC1D81CDB4B1D00D2FC40 /* Info.plist */,
				418CC1C71CDB4B1D00D2FC40 /* Supporting Files */,
			);
			path = "图形上下文";
			sourceTree = "<group>";
		};
		418CC1C71CDB4B1D00D2FC40 /* Supporting Files */ = {
			isa = PBXGroup;
			children = (
				418CC1C81CDB4B1D00D2FC40 /* main.m */,
			);
			name = "Supporting Files";
			sourceTree = "<group>";
		};
		418CC1E01CDB4B1D00D2FC40 /* 图形上下文Tests */ = {
			isa = PBXGroup;
			children = (
				418CC1E11CDB4B1D00D2FC40 /* _____Tests.m */,
				418CC1E31CDB4B1D00D2FC40 /* Info.plist */,
			);
			path = "图形上下文Tests";
			sourceTree = "<group>";
		};
		418CC1EB1CDB4B1D00D2FC40 /* 图形上下文UITests */ = {
			isa = PBXGroup;
			children = (
				418CC1EC1CDB4B1D00D2FC40 /* _____UITests.m */,
				418CC1EE1CDB4B1D00D2FC40 /* Info.plist */,
			);
			path = "图形上下文UITests";
			sourceTree = "<group>";
		};
/* End PBXGroup section */

/* Begin PBXNativeTarget section */
		418CC1C31CDB4B1D00D2FC40 /* 图形上下文 */ = {
			isa = PBXNativeTarget;
			buildConfigurationList = 418CC1F11CDB4B1D00D2FC40 /* Build configuration list for PBXNativeTarget "图形上下文" */;
			buildPhases = (
				418CC1C01CDB4B1D00D2FC40 /* Sources */,
				418CC1C11CDB4B1D00D2FC40 /* Frameworks */,
				418CC1C21CDB4B1D00D2FC40 /* Resources */,
			);
			buildRules = (
			);
			dependencies = (
			);
			name = "图形上下文";
			productName = "图形上下文";
			productReference = 418CC1C41CDB4B1D00D2FC40 /* 图形上下文.app */;
			productType = "com.apple.product-type.application";
		};
		418CC1DC1CDB4B1D00D2FC40 /* 图形上下文Tests */ = {
			isa = PBXNativeTarget;
			buildConfigurationList = 418CC1F41CDB4B1D00D2FC40 /* Build configuration list for PBXNativeTarget "图形上下文Tests" */;
			buildPhases = (
				418CC1D91CDB4B1D00D2FC40 /* Sources */,
				418CC1DA1CDB4B1D00D2FC40 /* Frameworks */,
				418CC1DB1CDB4B1D00D2FC40 /* Resources */,
			);
			buildRules = (
			);
			dependencies = (
				418CC1DF1CDB4B1D00D2FC40 /* PBXTargetDependency */,
			);
			name = "图形上下文Tests";
			productName = "图形上下文Tests";
			productReference = 418CC1DD1CDB4B1D00D2FC40 /* 图形上下文Tests.xctest */;
			productType = "com.apple.product-type.bundle.unit-test";
		};
		418CC1E71CDB4B1D00D2FC40 /* 图形上下文UITests */ = {
			isa = PBXNativeTarget;
			buildConfigurationList = 418CC1F71CDB4B1D00D2FC40 /* Build configuration list for PBXNativeTarget "图形上下文UITests" */;
			buildPhases = (
				418CC1E41CDB4B1D00D2FC40 /* Sources */,
				418CC1E51CDB4B1D00D2FC40 /* Frameworks */,
				418CC1E61CDB4B1D00D2FC40 /* Resources */,
			);
			buildRules = (
			);
			dependencies = (
				418CC1EA1CDB4B1D00D2FC40 /* PBXTargetDependency */,
			);
			name = "图形上下文UITests";
			productName = "图形上下文UITests";
			productReference = 418CC1E81CDB4B1D00D2FC40 /* 图形上下文UITests.xctest */;
			productType = "com.apple.product-type.bundle.ui-testing";
		};
/* End PBXNativeTarget section */

/* Begin PBXProject section */
		418CC1BC1CDB4B1D00D2FC40 /* Project object */ = {
			isa = PBXProject;
			attributes = {
				LastUpgradeCheck = 0720;
				ORGANIZATIONNAME = "解炳灿";
				TargetAttributes = {
					418CC1C31CDB4B1D00D2FC40 = {
						CreatedOnToolsVersion = 7.2.1;
					};
					418CC1DC1CDB4B1D00D2FC40 = {
						CreatedOnToolsVersion = 7.2.1;
						TestTargetID = 418CC1C31CDB4B1D00D2FC40;
					};
					418CC1E71CDB4B1D00D2FC40 = {
						CreatedOnToolsVersion = 7.2.1;
						TestTargetID = 418CC1C31CDB4B1D00D2FC40;
					};
				};
			};
			buildConfigurationList = 418CC1BF1CDB4B1D00D2FC40 /* Build configuration list for PBXProject "图形上下文" */;
			compatibilityVersion = "Xcode 3.2";
			developmentRegion = English;
			hasScannedForEncodings = 0;
			knownRegions = (
				en,
				Base,
			);
			mainGroup = 418CC1BB1CDB4B1D00D2FC40;
			productRefGroup = 418CC1C51CDB4B1D00D2FC40 /* Products */;
			projectDirPath = "";
			projectRoot = "";
			targets = (
				418CC1C31CDB4B1D00D2FC40 /* 图形上下文 */,
				418CC1DC1CDB4B1D00D2FC40 /* 图形上下文Tests */,
				418CC1E71CDB4B1D00D2FC40 /* 图形上下文UITests */,
			);
		};
/* End PBXProject section */

/* Begin PBXResourcesBuildPhase section */
		418CC1C21CDB4B1D00D2FC40 /* Resources */ = {
			isa = PBXResourcesBuildPhase;
			buildActionMask = 2147483647;
			files = (
				418CC1D71CDB4B1D00D2FC40 /* LaunchScreen.storyboard in Resources */,
				418CC1D41CDB4B1D00D2FC40 /* Assets.xcassets in Resources */,
				418CC1D21CDB4B1D00D2FC40 /* Main.storyboard in Resources */,
			);
			runOnlyForDeploymentPostprocessing = 0;
		};
		418CC1DB1CDB4B1D00D2FC40 /* Resources */ = {
			isa = PBXResourcesBuildPhase;
			buildActionMask = 2147483647;
			files = (
			);
			runOnlyForDeploymentPostprocessing = 0;
		};
		418CC1E61CDB4B1D00D2FC40 /* Resources */ = {
			isa = PBXResourcesBuildPhase;
			buildActionMask = 2147483647;
			files = (
			);
			runOnlyForDeploymentPostprocessing = 0;
		};
/* End PBXResourcesBuildPhase section */

/* Begin PBXSourcesBuildPhase section */
		418CC1C01CDB4B1D00D2FC40 /* Sources */ = {
			isa = PBXSourcesBuildPhase;
			buildActionMask = 2147483647;
			files = (
				418CC1CF1CDB4B1D00D2FC40 /* ViewController.m in Sources */,
				418CC1CC1CDB4B1D00D2FC40 /* AppDelegate.m in Sources */,
				418CC1C91CDB4B1D00D2FC40 /* main.m in Sources */,
				418CC1FF1CDB4C3D00D2FC40 /* MISecondViewController.m in Sources */,
				418CC1FC1CDB4C3200D2FC40 /* MIFirstViewController.m in Sources */,
			);
			runOnlyForDeploymentPostprocessing = 0;
		};
		418CC1D91CDB4B1D00D2FC40 /* Sources */ = {
			isa = PBXSourcesBuildPhase;
			buildActionMask = 2147483647;
			files = (
				418CC1E21CDB4B1D00D2FC40 /* _____Tests.m in Sources */,
			);
			runOnlyForDeploymentPostprocessing = 0;
		};
		418CC1E41CDB4B1D00D2FC40 /* Sources */ = {
			isa = PBXSourcesBuildPhase;
			buildActionMask = 2147483647;
			files = (
				418CC1ED1CDB4B1D00D2FC40 /* _____UITests.m in Sources */,
			);
			runOnlyForDeploymentPostprocessing = 0;
		};
/* End PBXSourcesBuildPhase section */

/* Begin PBXTargetDependency section */
		418CC1DF1CDB4B1D00D2FC40 /* PBXTargetDependency */ = {
			isa = PBXTargetDependency;
			target = 418CC1C31CDB4B1D00D2FC40 /* 图形上下文 */;
			targetProxy = 418CC1DE1CDB4B1D00D2FC40 /* PBXContainerItemProxy */;
		};
		418CC1EA1CDB4B1D00D2FC40 /* PBXTargetDependency */ = {
			isa = PBXTargetDependency;
			target = 418CC1C31CDB4B1D00D2FC40 /* 图形上下文 */;
			targetProxy = 418CC1E91CDB4B1D00D2FC40 /* PBXContainerItemProxy */;
		};
/* End PBXTargetDependency section */

/* Begin PBXVariantGroup section */
		418CC1D01CDB4B1D00D2FC40 /* Main.storyboard */ = {
			isa = PBXVariantGroup;
			children = (
				418CC1D11CDB4B1D00D2FC40 /* Base */,
			);
			name = Main.storyboard;
			sourceTree = "<group>";
		};
		418CC1D51CDB4B1D00D2FC40 /* LaunchScreen.storyboard */ = {
			isa = PBXVariantGroup;
			children = (
				418CC1D61CDB4B1D00D2FC40 /* Base */,
			);
			name = LaunchScreen.storyboard;
			sourceTree = "<group>";
		};
/* End PBXVariantGroup section */

/* Begin XCBuildConfiguration section */
		418CC1EF1CDB4B1D00D2FC40 /* Debug */ = {
			isa = XCBuildConfiguration;
			buildSettings = {
				ALWAYS_SEARCH_USER_PATHS = NO;
				CLANG_CXX_LANGUAGE_STANDARD = "gnu++0x";
				CLANG_CXX_LIBRARY = "libc++";
				CLANG_ENABLE_MODULES = YES;
				CLANG_ENABLE_OBJC_ARC = YES;
				CLANG_WARN_BOOL_CONVERSION = YES;
				CLANG_WARN_CONSTANT_CONVERSION = YES;
				CLANG_WARN_DIRECT_OBJC_ISA_USAGE = YES_ERROR;
				CLANG_WARN_EMPTY_BODY = YES;
				CLANG_WARN_ENUM_CONVERSION = YES;
				CLANG_WARN_INT_CONVERSION = YES;
				CLANG_WARN_OBJC_ROOT_CLASS = YES_ERROR;
				CLANG_WARN_UNREACHABLE_CODE = YES;
				CLANG_WARN__DUPLICATE_METHOD_MATCH = YES;
				"CODE_SIGN_IDENTITY[sdk=iphoneos*]" = "iPhone Developer";
				COPY_PHASE_STRIP = NO;
				DEBUG_INFORMATION_FORMAT = dwarf;
				ENABLE_STRICT_OBJC_MSGSEND = YES;
				ENABLE_TESTABILITY = YES;
				GCC_C_LANGUAGE_STANDARD = gnu99;
				GCC_DYNAMIC_NO_PIC = NO;
				GCC_NO_COMMON_BLOCKS = YES;
				GCC_OPTIMIZATION_LEVEL = 0;
				GCC_PREPROCESSOR_DEFINITIONS = (
					"DEBUG=1",
					"$(inherited)",
				);
				GCC_WARN_64_TO_32_BIT_CONVERSION = YES;
				GCC_WARN_ABOUT_RETURN_TYPE = YES_ERROR;
				GCC_WARN_UNDECLARED_SELECTOR = YES;
				GCC_WARN_UNINITIALIZED_AUTOS = YES_AGGRESSIVE;
				GCC_WARN_UNUSED_FUNCTION = YES;
				GCC_WARN_UNUSED_VARIABLE = YES;
				IPHONEOS_DEPLOYMENT_TARGET = 9.2;
				MTL_ENABLE_DEBUG_INFO = YES;
				ONLY_ACTIVE_ARCH = YES;
				SDKROOT = iphoneos;
			};
			name = Debug;
		};
		418CC1F01CDB4B1D00D2FC40 /* Release */ = {
			isa = XCBuildConfiguration;
			buildSettings = {
				ALWAYS_SEARCH_USER_PATHS = NO;
				CLANG_CXX_LANGUAGE_STANDARD = "gnu++0x";
				CLANG_CXX_LIBRARY = "libc++";
				CLANG_ENABLE_MODULES = YES;
				CLANG_ENABLE_OBJC_ARC = YES;
				CLANG_WARN_BOOL_CONVERSION = YES;
				CLANG_WARN_CONSTANT_CONVERSION = YES;
				CLANG_WARN_DIRECT_OBJC_ISA_USAGE = YES_ERROR;
				CLANG_WARN_EMPTY_BODY = YES;
				CLANG_WARN_ENUM_CONVERSION = YES;
				CLANG_WARN_INT_CONVERSION = YES;
				CLANG_WARN_OBJC_ROOT_CLASS = YES_ERROR;
				CLANG_WARN_UNREACHABLE_CODE = YES;
				CLANG_WARN__DUPLICATE_METHOD_MATCH = YES;
				"CODE_SIGN_IDENTITY[sdk=iphoneos*]" = "iPhone Developer";
				COPY_PHASE_STRIP = NO;
				DEBUG_INFORMATION_FORMAT = "dwarf-with-dsym";
				ENABLE_NS_ASSERTIONS = NO;
				ENABLE_STRICT_OBJC_MSGSEND = YES;
				GCC_C_LANGUAGE_STANDARD = gnu99;
				GCC_NO_COMMON_BLOCKS = YES;
				GCC_WARN_64_TO_32_BIT_CONVERSION = YES;
				GCC_WARN_ABOUT_RETURN_TYPE = YES_ERROR;
				GCC_WARN_UNDECLARED_SELECTOR = YES;
				GCC_WARN_UNINITIALIZED_AUTOS = YES_AGGRESSIVE;
				GCC_WARN_UNUSED_FUNCTION = YES;
				GCC_WARN_UNUSED_VARIABLE = YES;
				IPHONEOS_DEPLOYMENT_TARGET = 9.2;
				MTL_ENABLE_DEBUG_INFO = NO;
				SDKROOT = iphoneos;
				VALIDATE_PRODUCT = YES;
			};
			name = Release;
		};
		418CC1F21CDB4B1D00D2FC40 /* Debug */ = {
			isa = XCBuildConfiguration;
			buildSettings = {
				ASSETCATALOG_COMPILER_APPICON_NAME = AppIcon;
				INFOPLIST_FILE = "图形上下文/Info.plist";
				LD_RUNPATH_SEARCH_PATHS = "$(inherited) @executable_path/Frameworks";
				PRODUCT_BUNDLE_IDENTIFIER = "com.mask.-----";
				PRODUCT_NAME = "$(TARGET_NAME)";
			};
			name = Debug;
		};
		418CC1F31CDB4B1D00D2FC40 /* Release */ = {
			isa = XCBuildConfiguration;
			buildSettings = {
				ASSETCATALOG_COMPILER_APPICON_NAME = AppIcon;
				INFOPLIST_FILE = "图形上下文/Info.plist";
				LD_RUNPATH_SEARCH_PATHS = "$(inherited) @executable_path/Frameworks";
				PRODUCT_BUNDLE_IDENTIFIER = "com.mask.-----";
				PRODUCT_NAME = "$(TARGET_NAME)";
			};
			name = Release;
		};
		418CC1F51CDB4B1D00D2FC40 /* Debug */ = {
			isa = XCBuildConfiguration;
			buildSettings = {
				BUNDLE_LOADER = "$(TEST_HOST)";
				INFOPLIST_FILE = "图形上下文Tests/Info.plist";
				LD_RUNPATH_SEARCH_PATHS = "$(inherited) @executable_path/Frameworks @loader_path/Frameworks";
				PRODUCT_BUNDLE_IDENTIFIER = "com.mask.-----Tests";
				PRODUCT_NAME = "$(TARGET_NAME)";
				TEST_HOST = "$(BUILT_PRODUCTS_DIR)/图形上下文.app/图形上下文";
			};
			name = Debug;
		};
		418CC1F61CDB4B1D00D2FC40 /* Release */ = {
			isa = XCBuildConfiguration;
			buildSettings = {
				BUNDLE_LOADER = "$(TEST_HOST)";
				INFOPLIST_FILE = "图形上下文Tests/Info.plist";
				LD_RUNPATH_SEARCH_PATHS = "$(inherited) @executable_path/Frameworks @loader_path/Frameworks";
				PRODUCT_BUNDLE_IDENTIFIER = "com.mask.-----Tests";
				PRODUCT_NAME = "$(TARGET_NAME)";
				TEST_HOST = "$(BUILT_PRODUCTS_DIR)/图形上下文.app/图形上下文";
			};
			name = Release;
		};
		418CC1F81CDB4B1D00D2FC40 /* Debug */ = {
			isa = XCBuildConfiguration;
			buildSettings = {
				INFOPLIST_FILE = "图形上下文UITests/Info.plist";
				LD_RUNPATH_SEARCH_PATHS = "$(inherited) @executable_path/Frameworks @loader_path/Frameworks";
				PRODUCT_BUNDLE_IDENTIFIER = "com.mask.-----UITests";
				PRODUCT_NAME = "$(TARGET_NAME)";
				TEST_TARGET_NAME = "图形上下文";
				USES_XCTRUNNER = YES;
			};
			name = Debug;
		};
		418CC1F91CDB4B1D00D2FC40 /* Release */ = {
			isa = XCBuildConfiguration;
			buildSettings = {
				INFOPLIST_FILE = "图形上下文UITests/Info.plist";
				LD_RUNPATH_SEARCH_PATHS = "$(inherited) @executable_path/Frameworks @loader_path/Frameworks";
				PRODUCT_BUNDLE_IDENTIFIER = "com.mask.-----UITests";
				PRODUCT_NAME = "$(TARGET_NAME)";
				TEST_TARGET_NAME = "图形上下文";
				USES_XCTRUNNER = YES;
			};
			name = Release;
		};
/* End XCBuildConfiguration section */

/* Begin XCConfigurationList section */
		418CC1BF1CDB4B1D00D2FC40 /* Build configuration list for PBXProject "图形上下文" */ = {
			isa = XCConfigurationList;
			buildConfigurations = (
				418CC1EF1CDB4B1D00D2FC40 /* Debug */,
				418CC1F01CDB4B1D00D2FC40 /* Release */,
			);
			defaultConfigurationIsVisible = 0;
			defaultConfigurationName = Release;
		};
		418CC1F11CDB4B1D00D2FC40 /* Build configuration list for PBXNativeTarget "图形上下文" */ = {
			isa = XCConfigurationList;
			buildConfigurations = (
				418CC1F21CDB4B1D00D2FC40 /* Debug */,
				418CC1F31CDB4B1D00D2FC40 /* Release */,
			);
			defaultConfigurationIsVisible = 0;
		};
		418CC1F41CDB4B1D00D2FC40 /* Build configuration list for PBXNativeTarget "图形上下文Tests" */ = {
			isa = XCConfigurationList;
			buildConfigurations = (
				418CC1F51CDB4B1D00D2FC40 /* Debug */,
				418CC1F61CDB4B1D00D2FC40 /* Release */,
			);
			defaultConfigurationIsVisible = 0;
		};
		418CC1F71CDB4B1D00D2FC40 /* Build configuration list for PBXNativeTarget "图形上下文UITests" */ = {
			isa = XCConfigurationList;
			buildConfigurations = (
				418CC1F81CDB4B1D00D2FC40 /* Debug */,
				418CC1F91CDB4B1D00D2FC40 /* Release */,
			);
			defaultConfigurationIsVisible = 0;
		};
/* End XCConfigurationList section */
	};
	rootObject = 418CC1BC1CDB4B1D00D2FC40 /* Project object */;
}
