// !$*UTF8*$!
{
	archiveVersion = 1;
	classes = {
	};
	objectVersion = 46;
	objects = {

/* Begin PBXBuildFile section */
		41491B241D0E9EE600944617 /* main.m in Sources */ = {isa = PBXBuildFile; fileRef = 41491B231D0E9EE600944617 /* main.m */; };
		41491B2D1D0E9EE600944617 /* Main.storyboard in Resources */ = {isa = PBXBuildFile; fileRef = 41491B2B1D0E9EE600944617 /* Main.storyboard */; };
		41491B2F1D0E9EE600944617 /* Assets.xcassets in Resources */ = {isa = PBXBuildFile; fileRef = 41491B2E1D0E9EE600944617 /* Assets.xcassets */; };
		41491B321D0E9EE600944617 /* LaunchScreen.storyboard in Resources */ = {isa = PBXBuildFile; fileRef = 41491B301D0E9EE600944617 /* LaunchScreen.storyboard */; };
		41491B3D1D0E9EE600944617 /* CAEmitterLayerTests.m in Sources */ = {isa = PBXBuildFile; fileRef = 41491B3C1D0E9EE600944617 /* CAEmitterLayerTests.m */; };
		41491B491D0EA06A00944617 /* MIViewController.m in Sources */ = {isa = PBXBuildFile; fileRef = 41491B481D0EA06A00944617 /* MIViewController.m */; };
		41491B4C1D0EA08B00944617 /* MIAppDelegate.m in Sources */ = {isa = PBXBuildFile; fileRef = 41491B4B1D0EA08B00944617 /* MIAppDelegate.m */; };
/* End PBXBuildFile section */

/* Begin PBXContainerItemProxy section */
		41491B391D0E9EE600944617 /* PBXContainerItemProxy */ = {
			isa = PBXContainerItemProxy;
			containerPortal = 41491B171D0E9EE600944617 /* Project object */;
			proxyType = 1;
			remoteGlobalIDString = 41491B1E1D0E9EE600944617;
			remoteInfo = CAEmitterLayer;
		};
/* End PBXContainerItemProxy section */

/* Begin PBXFileReference section */
		41491B1F1D0E9EE600944617 /* CAEmitterLayer.app */ = {isa = PBXFileReference; explicitFileType = wrapper.application; includeInIndex = 0; path = CAEmitterLayer.app; sourceTree = BUILT_PRODUCTS_DIR; };
		41491B231D0E9EE600944617 /* main.m */ = {isa = PBXFileReference; lastKnownFileType = sourcecode.c.objc; path = main.m; sourceTree = "<group>"; };
		41491B2C1D0E9EE600944617 /* Base */ = {isa = PBXFileReference; lastKnownFileType = file.storyboard; name = Base; path = Base.lproj/Main.storyboard; sourceTree = "<group>"; };
		41491B2E1D0E9EE600944617 /* Assets.xcassets */ = {isa = PBXFileReference; lastKnownFileType = folder.assetcatalog; path = Assets.xcassets; sourceTree = "<group>"; };
		41491B311D0E9EE600944617 /* Base */ = {isa = PBXFileReference; lastKnownFileType = file.storyboard; name = Base; path = Base.lproj/LaunchScreen.storyboard; sourceTree = "<group>"; };
		41491B331D0E9EE600944617 /* Info.plist */ = {isa = PBXFileReference; lastKnownFileType = text.plist.xml; path = Info.plist; sourceTree = "<group>"; };
		41491B381D0E9EE600944617 /* CAEmitterLayerTests.xctest */ = {isa = PBXFileReference; explicitFileType = wrapper.cfbundle; includeInIndex = 0; path = CAEmitterLayerTests.xctest; sourceTree = BUILT_PRODUCTS_DIR; };
		41491B3C1D0E9EE600944617 /* CAEmitterLayerTests.m */ = {isa = PBXFileReference; lastKnownFileType = sourcecode.c.objc; path = CAEmitterLayerTests.m; sourceTree = "<group>"; };
		41491B3E1D0E9EE600944617 /* Info.plist */ = {isa = PBXFileReference; lastKnownFileType = text.plist.xml; path = Info.plist; sourceTree = "<group>"; };
		41491B471D0EA06A00944617 /* MIViewController.h */ = {isa = PBXFileReference; fileEncoding = 4; lastKnownFileType = sourcecode.c.h; path = MIViewController.h; sourceTree = "<group>"; };
		41491B481D0EA06A00944617 /* MIViewController.m */ = {isa = PBXFileReference; fileEncoding = 4; lastKnownFileType = sourcecode.c.objc; path = MIViewController.m; sourceTree = "<group>"; };
		41491B4A1D0EA08B00944617 /* MIAppDelegate.h */ = {isa = PBXFileReference; fileEncoding = 4; lastKnownFileType = sourcecode.c.h; path = MIAppDelegate.h; sourceTree = "<group>"; };
		41491B4B1D0EA08B00944617 /* MIAppDelegate.m */ = {isa = PBXFileReference; fileEncoding = 4; lastKnownFileType = sourcecode.c.objc; path = MIAppDelegate.m; sourceTree = "<group>"; };
/* End PBXFileReference section */

/* Begin PBXFrameworksBuildPhase section */
		41491B1C1D0E9EE600944617 /* Frameworks */ = {
			isa = PBXFrameworksBuildPhase;
			buildActionMask = 2147483647;
			files = (
			);
			runOnlyForDeploymentPostprocessing = 0;
		};
		41491B351D0E9EE600944617 /* Frameworks */ = {
			isa = PBXFrameworksBuildPhase;
			buildActionMask = 2147483647;
			files = (
			);
			runOnlyForDeploymentPostprocessing = 0;
		};
/* End PBXFrameworksBuildPhase section */

/* Begin PBXGroup section */
		41491B161D0E9EE600944617 = {
			isa = PBXGroup;
			children = (
				41491B211D0E9EE600944617 /* CAEmitterLayer */,
				41491B3B1D0E9EE600944617 /* CAEmitterLayerTests */,
				41491B201D0E9EE600944617 /* Products */,
			);
			sourceTree = "<group>";
		};
		41491B201D0E9EE600944617 /* Products */ = {
			isa = PBXGroup;
			children = (
				41491B1F1D0E9EE600944617 /* CAEmitterLayer.app */,
				41491B381D0E9EE600944617 /* CAEmitterLayerTests.xctest */,
			);
			name = Products;
			sourceTree = "<group>";
		};
		41491B211D0E9EE600944617 /* CAEmitterLayer */ = {
			isa = PBXGroup;
			children = (
				41491B4A1D0EA08B00944617 /* MIAppDelegate.h */,
				41491B4B1D0EA08B00944617 /* MIAppDelegate.m */,
				41491B471D0EA06A00944617 /* MIViewController.h */,
				41491B481D0EA06A00944617 /* MIViewController.m */,
				41491B2B1D0E9EE600944617 /* Main.storyboard */,
				41491B2E1D0E9EE600944617 /* Assets.xcassets */,
				41491B301D0E9EE600944617 /* LaunchScreen.storyboard */,
				41491B331D0E9EE600944617 /* Info.plist */,
				41491B221D0E9EE600944617 /* Supporting Files */,
			);
			path = CAEmitterLayer;
			sourceTree = "<group>";
		};
		41491B221D0E9EE600944617 /* Supporting Files */ = {
			isa = PBXGroup;
			children = (
				41491B231D0E9EE600944617 /* main.m */,
			);
			name = "Supporting Files";
			sourceTree = "<group>";
		};
		41491B3B1D0E9EE600944617 /* CAEmitterLayerTests */ = {
			isa = PBXGroup;
			children = (
				41491B3C1D0E9EE600944617 /* CAEmitterLayerTests.m */,
				41491B3E1D0E9EE600944617 /* Info.plist */,
			);
			path = CAEmitterLayerTests;
			sourceTree = "<group>";
		};
/* End PBXGroup section */

/* Begin PBXNativeTarget section */
		41491B1E1D0E9EE600944617 /* CAEmitterLayer */ = {
			isa = PBXNativeTarget;
			buildConfigurationList = 41491B411D0E9EE600944617 /* Build configuration list for PBXNativeTarget "CAEmitterLayer" */;
			buildPhases = (
				41491B1B1D0E9EE600944617 /* Sources */,
				41491B1C1D0E9EE600944617 /* Frameworks */,
				41491B1D1D0E9EE600944617 /* Resources */,
			);
			buildRules = (
			);
			dependencies = (
			);
			name = CAEmitterLayer;
			productName = CAEmitterLayer;
			productReference = 41491B1F1D0E9EE600944617 /* CAEmitterLayer.app */;
			productType = "com.apple.product-type.application";
		};
		41491B371D0E9EE600944617 /* CAEmitterLayerTests */ = {
			isa = PBXNativeTarget;
			buildConfigurationList = 41491B441D0E9EE600944617 /* Build configuration list for PBXNativeTarget "CAEmitterLayerTests" */;
			buildPhases = (
				41491B341D0E9EE600944617 /* Sources */,
				41491B351D0E9EE600944617 /* Frameworks */,
				41491B361D0E9EE600944617 /* Resources */,
			);
			buildRules = (
			);
			dependencies = (
				41491B3A1D0E9EE600944617 /* PBXTargetDependency */,
			);
			name = CAEmitterLayerTests;
			productName = CAEmitterLayerTests;
			productReference = 41491B381D0E9EE600944617 /* CAEmitterLayerTests.xctest */;
			productType = "com.apple.product-type.bundle.unit-test";
		};
/* End PBXNativeTarget section */

/* Begin PBXProject section */
		41491B171D0E9EE600944617 /* Project object */ = {
			isa = PBXProject;
			attributes = {
				CLASSPREFIX = MI;
				LastUpgradeCheck = 0730;
				ORGANIZATIONNAME = MaskIsland;
				TargetAttributes = {
					41491B1E1D0E9EE600944617 = {
						CreatedOnToolsVersion = 7.3.1;
					};
					41491B371D0E9EE600944617 = {
						CreatedOnToolsVersion = 7.3.1;
						TestTargetID = 41491B1E1D0E9EE600944617;
					};
				};
			};
			buildConfigurationList = 41491B1A1D0E9EE600944617 /* Build configuration list for PBXProject "CAEmitterLayer" */;
			compatibilityVersion = "Xcode 3.2";
			developmentRegion = English;
			hasScannedForEncodings = 0;
			knownRegions = (
				en,
				Base,
			);
			mainGroup = 41491B161D0E9EE600944617;
			productRefGroup = 41491B201D0E9EE600944617 /* Products */;
			projectDirPath = "";
			projectRoot = "";
			targets = (
				41491B1E1D0E9EE600944617 /* CAEmitterLayer */,
				41491B371D0E9EE600944617 /* CAEmitterLayerTests */,
			);
		};
/* End PBXProject section */

/* Begin PBXResourcesBuildPhase section */
		41491B1D1D0E9EE600944617 /* Resources */ = {
			isa = PBXResourcesBuildPhase;
			buildActionMask = 2147483647;
			files = (
				41491B321D0E9EE600944617 /* LaunchScreen.storyboard in Resources */,
				41491B2F1D0E9EE600944617 /* Assets.xcassets in Resources */,
				41491B2D1D0E9EE600944617 /* Main.storyboard in Resources */,
			);
			runOnlyForDeploymentPostprocessing = 0;
		};
		41491B361D0E9EE600944617 /* Resources */ = {
			isa = PBXResourcesBuildPhase;
			buildActionMask = 2147483647;
			files = (
			);
			runOnlyForDeploymentPostprocessing = 0;
		};
/* End PBXResourcesBuildPhase section */

/* Begin PBXSourcesBuildPhase section */
		41491B1B1D0E9EE600944617 /* Sources */ = {
			isa = PBXSourcesBuildPhase;
			buildActionMask = 2147483647;
			files = (
				41491B491D0EA06A00944617 /* MIViewController.m in Sources */,
				41491B241D0E9EE600944617 /* main.m in Sources */,
				41491B4C1D0EA08B00944617 /* MIAppDelegate.m in Sources */,
			);
			runOnlyForDeploymentPostprocessing = 0;
		};
		41491B341D0E9EE600944617 /* Sources */ = {
			isa = PBXSourcesBuildPhase;
			buildActionMask = 2147483647;
			files = (
				41491B3D1D0E9EE600944617 /* CAEmitterLayerTests.m in Sources */,
			);
			runOnlyForDeploymentPostprocessing = 0;
		};
/* End PBXSourcesBuildPhase section */

/* Begin PBXTargetDependency section */
		41491B3A1D0E9EE600944617 /* PBXTargetDependency */ = {
			isa = PBXTargetDependency;
			target = 41491B1E1D0E9EE600944617 /* CAEmitterLayer */;
			targetProxy = 41491B391D0E9EE600944617 /* PBXContainerItemProxy */;
		};
/* End PBXTargetDependency section */

/* Begin PBXVariantGroup section */
		41491B2B1D0E9EE600944617 /* Main.storyboard */ = {
			isa = PBXVariantGroup;
			children = (
				41491B2C1D0E9EE600944617 /* Base */,
			);
			name = Main.storyboard;
			sourceTree = "<group>";
		};
		41491B301D0E9EE600944617 /* LaunchScreen.storyboard */ = {
			isa = PBXVariantGroup;
			children = (
				41491B311D0E9EE600944617 /* Base */,
			);
			name = LaunchScreen.storyboard;
			sourceTree = "<group>";
		};
/* End PBXVariantGroup section */

/* Begin XCBuildConfiguration section */
		41491B3F1D0E9EE600944617 /* Debug */ = {
			isa = XCBuildConfiguration;
			buildSettings = {
				ALWAYS_SEARCH_USER_PATHS = NO;
				CLANG_ANALYZER_NONNULL = YES;
				CLANG_CXX_LANGUAGE_STANDARD = "gnu++0x";
				CLANG_CXX_LIBRARY = "libc++";
				CLANG_ENABLE_MODULES = YES;
				CLANG_ENABLE_OBJC_ARC = YES;
				CLANG_WARN_BOOL_CONVERSION = YES;
				CLANG_WARN_CONSTANT_CONVERSION = YES;
				CLANG_WARN_DIRECT_OBJC_ISA_USAGE = YES_ERROR;
				CLANG_WARN_EMPTY_BODY = YES;
				CLANG_WARN_ENUM_CONVERSION = YES;
				CLANG_WARN_INT_CONVERSION = YES;
				CLANG_WARN_OBJC_ROOT_CLASS = YES_ERROR;
				CLANG_WARN_UNREACHABLE_CODE = YES;
				CLANG_WARN__DUPLICATE_METHOD_MATCH = YES;
				"CODE_SIGN_IDENTITY[sdk=iphoneos*]" = "iPhone Developer";
				COPY_PHASE_STRIP = NO;
				DEBUG_INFORMATION_FORMAT = dwarf;
				ENABLE_STRICT_OBJC_MSGSEND = YES;
				ENABLE_TESTABILITY = YES;
				GCC_C_LANGUAGE_STANDARD = gnu99;
				GCC_DYNAMIC_NO_PIC = NO;
				GCC_NO_COMMON_BLOCKS = YES;
				GCC_OPTIMIZATION_LEVEL = 0;
				GCC_PREPROCESSOR_DEFINITIONS = (
					"DEBUG=1",
					"$(inherited)",
				);
				GCC_WARN_64_TO_32_BIT_CONVERSION = YES;
				GCC_WARN_ABOUT_RETURN_TYPE = YES_ERROR;
				GCC_WARN_UNDECLARED_SELECTOR = YES;
				GCC_WARN_UNINITIALIZED_AUTOS = YES_AGGRESSIVE;
				GCC_WARN_UNUSED_FUNCTION = YES;
				GCC_WARN_UNUSED_VARIABLE = YES;
				IPHONEOS_DEPLOYMENT_TARGET = 9.3;
				MTL_ENABLE_DEBUG_INFO = YES;
				ONLY_ACTIVE_ARCH = YES;
				SDKROOT = iphoneos;
			};
			name = Debug;
		};
		41491B401D0E9EE600944617 /* Release */ = {
			isa = XCBuildConfiguration;
			buildSettings = {
				ALWAYS_SEARCH_USER_PATHS = NO;
				CLANG_ANALYZER_NONNULL = YES;
				CLANG_CXX_LANGUAGE_STANDARD = "gnu++0x";
				CLANG_CXX_LIBRARY = "libc++";
				CLANG_ENABLE_MODULES = YES;
				CLANG_ENABLE_OBJC_ARC = YES;
				CLANG_WARN_BOOL_CONVERSION = YES;
				CLANG_WARN_CONSTANT_CONVERSION = YES;
				CLANG_WARN_DIRECT_OBJC_ISA_USAGE = YES_ERROR;
				CLANG_WARN_EMPTY_BODY = YES;
				CLANG_WARN_ENUM_CONVERSION = YES;
				CLANG_WARN_INT_CONVERSION = YES;
				CLANG_WARN_OBJC_ROOT_CLASS = YES_ERROR;
				CLANG_WARN_UNREACHABLE_CODE = YES;
				CLANG_WARN__DUPLICATE_METHOD_MATCH = YES;
				"CODE_SIGN_IDENTITY[sdk=iphoneos*]" = "iPhone Developer";
				COPY_PHASE_STRIP = NO;
				DEBUG_INFORMATION_FORMAT = "dwarf-with-dsym";
				ENABLE_NS_ASSERTIONS = NO;
				ENABLE_STRICT_OBJC_MSGSEND = YES;
				GCC_C_LANGUAGE_STANDARD = gnu99;
				GCC_NO_COMMON_BLOCKS = YES;
				GCC_WARN_64_TO_32_BIT_CONVERSION = YES;
				GCC_WARN_ABOUT_RETURN_TYPE = YES_ERROR;
				GCC_WARN_UNDECLARED_SELECTOR = YES;
				GCC_WARN_UNINITIALIZED_AUTOS = YES_AGGRESSIVE;
				GCC_WARN_UNUSED_FUNCTION = YES;
				GCC_WARN_UNUSED_VARIABLE = YES;
				IPHONEOS_DEPLOYMENT_TARGET = 9.3;
				MTL_ENABLE_DEBUG_INFO = NO;
				SDKROOT = iphoneos;
				VALIDATE_PRODUCT = YES;
			};
			name = Release;
		};
		41491B421D0E9EE600944617 /* Debug */ = {
			isa = XCBuildConfiguration;
			buildSettings = {
				ASSETCATALOG_COMPILER_APPICON_NAME = AppIcon;
				INFOPLIST_FILE = CAEmitterLayer/Info.plist;
				LD_RUNPATH_SEARCH_PATHS = "$(inherited) @executable_path/Frameworks";
				PRODUCT_BUNDLE_IDENTIFIER = com.mask.CAEmitterLayer;
				PRODUCT_NAME = "$(TARGET_NAME)";
			};
			name = Debug;
		};
		41491B431D0E9EE600944617 /* Release */ = {
			isa = XCBuildConfiguration;
			buildSettings = {
				ASSETCATALOG_COMPILER_APPICON_NAME = AppIcon;
				INFOPLIST_FILE = CAEmitterLayer/Info.plist;
				LD_RUNPATH_SEARCH_PATHS = "$(inherited) @executable_path/Frameworks";
				PRODUCT_BUNDLE_IDENTIFIER = com.mask.CAEmitterLayer;
				PRODUCT_NAME = "$(TARGET_NAME)";
			};
			name = Release;
		};
		41491B451D0E9EE600944617 /* Debug */ = {
			isa = XCBuildConfiguration;
			buildSettings = {
				BUNDLE_LOADER = "$(TEST_HOST)";
				INFOPLIST_FILE = CAEmitterLayerTests/Info.plist;
				LD_RUNPATH_SEARCH_PATHS = "$(inherited) @executable_path/Frameworks @loader_path/Frameworks";
				PRODUCT_BUNDLE_IDENTIFIER = com.mask.CAEmitterLayerTests;
				PRODUCT_NAME = "$(TARGET_NAME)";
				TEST_HOST = "$(BUILT_PRODUCTS_DIR)/CAEmitterLayer.app/CAEmitterLayer";
			};
			name = Debug;
		};
		41491B461D0E9EE600944617 /* Release */ = {
			isa = XCBuildConfiguration;
			buildSettings = {
				BUNDLE_LOADER = "$(TEST_HOST)";
				INFOPLIST_FILE = CAEmitterLayerTests/Info.plist;
				LD_RUNPATH_SEARCH_PATHS = "$(inherited) @executable_path/Frameworks @loader_path/Frameworks";
				PRODUCT_BUNDLE_IDENTIFIER = com.mask.CAEmitterLayerTests;
				PRODUCT_NAME = "$(TARGET_NAME)";
				TEST_HOST = "$(BUILT_PRODUCTS_DIR)/CAEmitterLayer.app/CAEmitterLayer";
			};
			name = Release;
		};
/* End XCBuildConfiguration section */

/* Begin XCConfigurationList section */
		41491B1A1D0E9EE600944617 /* Build configuration list for PBXProject "CAEmitterLayer" */ = {
			isa = XCConfigurationList;
			buildConfigurations = (
				41491B3F1D0E9EE600944617 /* Debug */,
				41491B401D0E9EE600944617 /* Release */,
			);
			defaultConfigurationIsVisible = 0;
			defaultConfigurationName = Release;
		};
		41491B411D0E9EE600944617 /* Build configuration list for PBXNativeTarget "CAEmitterLayer" */ = {
			isa = XCConfigurationList;
			buildConfigurations = (
				41491B421D0E9EE600944617 /* Debug */,
				41491B431D0E9EE600944617 /* Release */,
			);
			defaultConfigurationIsVisible = 0;
		};
		41491B441D0E9EE600944617 /* Build configuration list for PBXNativeTarget "CAEmitterLayerTests" */ = {
			isa = XCConfigurationList;
			buildConfigurations = (
				41491B451D0E9EE600944617 /* Debug */,
				41491B461D0E9EE600944617 /* Release */,
			);
			defaultConfigurationIsVisible = 0;
		};
/* End XCConfigurationList section */
	};
	rootObject = 41491B171D0E9EE600944617 /* Project object */;
}
