// !$*UTF8*$!
{
	archiveVersion = 1;
	classes = {
	};
	objectVersion = 46;
	objects = {

/* Begin PBXBuildFile section */
		41E808611CE1727D00D6D74C /* main.m in Sources */ = {isa = PBXBuildFile; fileRef = 41E808601CE1727D00D6D74C /* main.m */; };
		41E808641CE1727D00D6D74C /* AppDelegate.m in Sources */ = {isa = PBXBuildFile; fileRef = 41E808631CE1727D00D6D74C /* AppDelegate.m */; };
		41E808671CE1727D00D6D74C /* ViewController.m in Sources */ = {isa = PBXBuildFile; fileRef = 41E808661CE1727D00D6D74C /* ViewController.m */; };
		41E8086A1CE1727D00D6D74C /* Main.storyboard in Resources */ = {isa = PBXBuildFile; fileRef = 41E808681CE1727D00D6D74C /* Main.storyboard */; };
		41E8086C1CE1727D00D6D74C /* Assets.xcassets in Resources */ = {isa = PBXBuildFile; fileRef = 41E8086B1CE1727D00D6D74C /* Assets.xcassets */; };
		41E8086F1CE1727D00D6D74C /* LaunchScreen.storyboard in Resources */ = {isa = PBXBuildFile; fileRef = 41E8086D1CE1727D00D6D74C /* LaunchScreen.storyboard */; };
		41E8087A1CE1727D00D6D74C /* ___Tests.m in Sources */ = {isa = PBXBuildFile; fileRef = 41E808791CE1727D00D6D74C /* ___Tests.m */; };
		41E808851CE1727D00D6D74C /* ___UITests.m in Sources */ = {isa = PBXBuildFile; fileRef = 41E808841CE1727D00D6D74C /* ___UITests.m */; };
/* End PBXBuildFile section */

/* Begin PBXContainerItemProxy section */
		41E808761CE1727D00D6D74C /* PBXContainerItemProxy */ = {
			isa = PBXContainerItemProxy;
			containerPortal = 41E808541CE1727D00D6D74C /* Project object */;
			proxyType = 1;
			remoteGlobalIDString = 41E8085B1CE1727D00D6D74C;
			remoteInfo = "摄像头";
		};
		41E808811CE1727D00D6D74C /* PBXContainerItemProxy */ = {
			isa = PBXContainerItemProxy;
			containerPortal = 41E808541CE1727D00D6D74C /* Project object */;
			proxyType = 1;
			remoteGlobalIDString = 41E8085B1CE1727D00D6D74C;
			remoteInfo = "摄像头";
		};
/* End PBXContainerItemProxy section */

/* Begin PBXFileReference section */
		41E8085C1CE1727D00D6D74C /* 摄像头.app */ = {isa = PBXFileReference; explicitFileType = wrapper.application; includeInIndex = 0; path = "摄像头.app"; sourceTree = BUILT_PRODUCTS_DIR; };
		41E808601CE1727D00D6D74C /* main.m */ = {isa = PBXFileReference; lastKnownFileType = sourcecode.c.objc; path = main.m; sourceTree = "<group>"; };
		41E808621CE1727D00D6D74C /* AppDelegate.h */ = {isa = PBXFileReference; lastKnownFileType = sourcecode.c.h; path = AppDelegate.h; sourceTree = "<group>"; };
		41E808631CE1727D00D6D74C /* AppDelegate.m */ = {isa = PBXFileReference; lastKnownFileType = sourcecode.c.objc; path = AppDelegate.m; sourceTree = "<group>"; };
		41E808651CE1727D00D6D74C /* ViewController.h */ = {isa = PBXFileReference; lastKnownFileType = sourcecode.c.h; path = ViewController.h; sourceTree = "<group>"; };
		41E808661CE1727D00D6D74C /* ViewController.m */ = {isa = PBXFileReference; lastKnownFileType = sourcecode.c.objc; path = ViewController.m; sourceTree = "<group>"; };
		41E808691CE1727D00D6D74C /* Base */ = {isa = PBXFileReference; lastKnownFileType = file.storyboard; name = Base; path = Base.lproj/Main.storyboard; sourceTree = "<group>"; };
		41E8086B1CE1727D00D6D74C /* Assets.xcassets */ = {isa = PBXFileReference; lastKnownFileType = folder.assetcatalog; path = Assets.xcassets; sourceTree = "<group>"; };
		41E8086E1CE1727D00D6D74C /* Base */ = {isa = PBXFileReference; lastKnownFileType = file.storyboard; name = Base; path = Base.lproj/LaunchScreen.storyboard; sourceTree = "<group>"; };
		41E808701CE1727D00D6D74C /* Info.plist */ = {isa = PBXFileReference; lastKnownFileType = text.plist.xml; path = Info.plist; sourceTree = "<group>"; };
		41E808751CE1727D00D6D74C /* 摄像头Tests.xctest */ = {isa = PBXFileReference; explicitFileType = wrapper.cfbundle; includeInIndex = 0; path = "摄像头Tests.xctest"; sourceTree = BUILT_PRODUCTS_DIR; };
		41E808791CE1727D00D6D74C /* ___Tests.m */ = {isa = PBXFileReference; lastKnownFileType = sourcecode.c.objc; path = "___Tests.m"; sourceTree = "<group>"; };
		41E8087B1CE1727D00D6D74C /* Info.plist */ = {isa = PBXFileReference; lastKnownFileType = text.plist.xml; path = Info.plist; sourceTree = "<group>"; };
		41E808801CE1727D00D6D74C /* 摄像头UITests.xctest */ = {isa = PBXFileReference; explicitFileType = wrapper.cfbundle; includeInIndex = 0; path = "摄像头UITests.xctest"; sourceTree = BUILT_PRODUCTS_DIR; };
		41E808841CE1727D00D6D74C /* ___UITests.m */ = {isa = PBXFileReference; lastKnownFileType = sourcecode.c.objc; path = "___UITests.m"; sourceTree = "<group>"; };
		41E808861CE1727D00D6D74C /* Info.plist */ = {isa = PBXFileReference; lastKnownFileType = text.plist.xml; path = Info.plist; sourceTree = "<group>"; };
/* End PBXFileReference section */

/* Begin PBXFrameworksBuildPhase section */
		41E808591CE1727D00D6D74C /* Frameworks */ = {
			isa = PBXFrameworksBuildPhase;
			buildActionMask = 2147483647;
			files = (
			);
			runOnlyForDeploymentPostprocessing = 0;
		};
		41E808721CE1727D00D6D74C /* Frameworks */ = {
			isa = PBXFrameworksBuildPhase;
			buildActionMask = 2147483647;
			files = (
			);
			runOnlyForDeploymentPostprocessing = 0;
		};
		41E8087D1CE1727D00D6D74C /* Frameworks */ = {
			isa = PBXFrameworksBuildPhase;
			buildActionMask = 2147483647;
			files = (
			);
			runOnlyForDeploymentPostprocessing = 0;
		};
/* End PBXFrameworksBuildPhase section */

/* Begin PBXGroup section */
		41E808531CE1727D00D6D74C = {
			isa = PBXGroup;
			children = (
				41E8085E1CE1727D00D6D74C /* 摄像头 */,
				41E808781CE1727D00D6D74C /* 摄像头Tests */,
				41E808831CE1727D00D6D74C /* 摄像头UITests */,
				41E8085D1CE1727D00D6D74C /* Products */,
			);
			sourceTree = "<group>";
		};
		41E8085D1CE1727D00D6D74C /* Products */ = {
			isa = PBXGroup;
			children = (
				41E8085C1CE1727D00D6D74C /* 摄像头.app */,
				41E808751CE1727D00D6D74C /* 摄像头Tests.xctest */,
				41E808801CE1727D00D6D74C /* 摄像头UITests.xctest */,
			);
			name = Products;
			sourceTree = "<group>";
		};
		41E8085E1CE1727D00D6D74C /* 摄像头 */ = {
			isa = PBXGroup;
			children = (
				41E808621CE1727D00D6D74C /* AppDelegate.h */,
				41E808631CE1727D00D6D74C /* AppDelegate.m */,
				41E808651CE1727D00D6D74C /* ViewController.h */,
				41E808661CE1727D00D6D74C /* ViewController.m */,
				41E808681CE1727D00D6D74C /* Main.storyboard */,
				41E8086B1CE1727D00D6D74C /* Assets.xcassets */,
				41E8086D1CE1727D00D6D74C /* LaunchScreen.storyboard */,
				41E808701CE1727D00D6D74C /* Info.plist */,
				41E8085F1CE1727D00D6D74C /* Supporting Files */,
			);
			path = "摄像头";
			sourceTree = "<group>";
		};
		41E8085F1CE1727D00D6D74C /* Supporting Files */ = {
			isa = PBXGroup;
			children = (
				41E808601CE1727D00D6D74C /* main.m */,
			);
			name = "Supporting Files";
			sourceTree = "<group>";
		};
		41E808781CE1727D00D6D74C /* 摄像头Tests */ = {
			isa = PBXGroup;
			children = (
				41E808791CE1727D00D6D74C /* ___Tests.m */,
				41E8087B1CE1727D00D6D74C /* Info.plist */,
			);
			path = "摄像头Tests";
			sourceTree = "<group>";
		};
		41E808831CE1727D00D6D74C /* 摄像头UITests */ = {
			isa = PBXGroup;
			children = (
				41E808841CE1727D00D6D74C /* ___UITests.m */,
				41E808861CE1727D00D6D74C /* Info.plist */,
			);
			path = "摄像头UITests";
			sourceTree = "<group>";
		};
/* End PBXGroup section */

/* Begin PBXNativeTarget section */
		41E8085B1CE1727D00D6D74C /* 摄像头 */ = {
			isa = PBXNativeTarget;
			buildConfigurationList = 41E808891CE1727D00D6D74C /* Build configuration list for PBXNativeTarget "摄像头" */;
			buildPhases = (
				41E808581CE1727D00D6D74C /* Sources */,
				41E808591CE1727D00D6D74C /* Frameworks */,
				41E8085A1CE1727D00D6D74C /* Resources */,
			);
			buildRules = (
			);
			dependencies = (
			);
			name = "摄像头";
			productName = "摄像头";
			productReference = 41E8085C1CE1727D00D6D74C /* 摄像头.app */;
			productType = "com.apple.product-type.application";
		};
		41E808741CE1727D00D6D74C /* 摄像头Tests */ = {
			isa = PBXNativeTarget;
			buildConfigurationList = 41E8088C1CE1727D00D6D74C /* Build configuration list for PBXNativeTarget "摄像头Tests" */;
			buildPhases = (
				41E808711CE1727D00D6D74C /* Sources */,
				41E808721CE1727D00D6D74C /* Frameworks */,
				41E808731CE1727D00D6D74C /* Resources */,
			);
			buildRules = (
			);
			dependencies = (
				41E808771CE1727D00D6D74C /* PBXTargetDependency */,
			);
			name = "摄像头Tests";
			productName = "摄像头Tests";
			productReference = 41E808751CE1727D00D6D74C /* 摄像头Tests.xctest */;
			productType = "com.apple.product-type.bundle.unit-test";
		};
		41E8087F1CE1727D00D6D74C /* 摄像头UITests */ = {
			isa = PBXNativeTarget;
			buildConfigurationList = 41E8088F1CE1727D00D6D74C /* Build configuration list for PBXNativeTarget "摄像头UITests" */;
			buildPhases = (
				41E8087C1CE1727D00D6D74C /* Sources */,
				41E8087D1CE1727D00D6D74C /* Frameworks */,
				41E8087E1CE1727D00D6D74C /* Resources */,
			);
			buildRules = (
			);
			dependencies = (
				41E808821CE1727D00D6D74C /* PBXTargetDependency */,
			);
			name = "摄像头UITests";
			productName = "摄像头UITests";
			productReference = 41E808801CE1727D00D6D74C /* 摄像头UITests.xctest */;
			productType = "com.apple.product-type.bundle.ui-testing";
		};
/* End PBXNativeTarget section */

/* Begin PBXProject section */
		41E808541CE1727D00D6D74C /* Project object */ = {
			isa = PBXProject;
			attributes = {
				LastUpgradeCheck = 0730;
				ORGANIZATIONNAME = "解炳灿";
				TargetAttributes = {
					41E8085B1CE1727D00D6D74C = {
						CreatedOnToolsVersion = 7.3.1;
					};
					41E808741CE1727D00D6D74C = {
						CreatedOnToolsVersion = 7.3.1;
						TestTargetID = 41E8085B1CE1727D00D6D74C;
					};
					41E8087F1CE1727D00D6D74C = {
						CreatedOnToolsVersion = 7.3.1;
						TestTargetID = 41E8085B1CE1727D00D6D74C;
					};
				};
			};
			buildConfigurationList = 41E808571CE1727D00D6D74C /* Build configuration list for PBXProject "摄像头" */;
			compatibilityVersion = "Xcode 3.2";
			developmentRegion = English;
			hasScannedForEncodings = 0;
			knownRegions = (
				en,
				Base,
			);
			mainGroup = 41E808531CE1727D00D6D74C;
			productRefGroup = 41E8085D1CE1727D00D6D74C /* Products */;
			projectDirPath = "";
			projectRoot = "";
			targets = (
				41E8085B1CE1727D00D6D74C /* 摄像头 */,
				41E808741CE1727D00D6D74C /* 摄像头Tests */,
				41E8087F1CE1727D00D6D74C /* 摄像头UITests */,
			);
		};
/* End PBXProject section */

/* Begin PBXResourcesBuildPhase section */
		41E8085A1CE1727D00D6D74C /* Resources */ = {
			isa = PBXResourcesBuildPhase;
			buildActionMask = 2147483647;
			files = (
				41E8086F1CE1727D00D6D74C /* LaunchScreen.storyboard in Resources */,
				41E8086C1CE1727D00D6D74C /* Assets.xcassets in Resources */,
				41E8086A1CE1727D00D6D74C /* Main.storyboard in Resources */,
			);
			runOnlyForDeploymentPostprocessing = 0;
		};
		41E808731CE1727D00D6D74C /* Resources */ = {
			isa = PBXResourcesBuildPhase;
			buildActionMask = 2147483647;
			files = (
			);
			runOnlyForDeploymentPostprocessing = 0;
		};
		41E8087E1CE1727D00D6D74C /* Resources */ = {
			isa = PBXResourcesBuildPhase;
			buildActionMask = 2147483647;
			files = (
			);
			runOnlyForDeploymentPostprocessing = 0;
		};
/* End PBXResourcesBuildPhase section */

/* Begin PBXSourcesBuildPhase section */
		41E808581CE1727D00D6D74C /* Sources */ = {
			isa = PBXSourcesBuildPhase;
			buildActionMask = 2147483647;
			files = (
				41E808671CE1727D00D6D74C /* ViewController.m in Sources */,
				41E808641CE1727D00D6D74C /* AppDelegate.m in Sources */,
				41E808611CE1727D00D6D74C /* main.m in Sources */,
			);
			runOnlyForDeploymentPostprocessing = 0;
		};
		41E808711CE1727D00D6D74C /* Sources */ = {
			isa = PBXSourcesBuildPhase;
			buildActionMask = 2147483647;
			files = (
				41E8087A1CE1727D00D6D74C /* ___Tests.m in Sources */,
			);
			runOnlyForDeploymentPostprocessing = 0;
		};
		41E8087C1CE1727D00D6D74C /* Sources */ = {
			isa = PBXSourcesBuildPhase;
			buildActionMask = 2147483647;
			files = (
				41E808851CE1727D00D6D74C /* ___UITests.m in Sources */,
			);
			runOnlyForDeploymentPostprocessing = 0;
		};
/* End PBXSourcesBuildPhase section */

/* Begin PBXTargetDependency section */
		41E808771CE1727D00D6D74C /* PBXTargetDependency */ = {
			isa = PBXTargetDependency;
			target = 41E8085B1CE1727D00D6D74C /* 摄像头 */;
			targetProxy = 41E808761CE1727D00D6D74C /* PBXContainerItemProxy */;
		};
		41E808821CE1727D00D6D74C /* PBXTargetDependency */ = {
			isa = PBXTargetDependency;
			target = 41E8085B1CE1727D00D6D74C /* 摄像头 */;
			targetProxy = 41E808811CE1727D00D6D74C /* PBXContainerItemProxy */;
		};
/* End PBXTargetDependency section */

/* Begin PBXVariantGroup section */
		41E808681CE1727D00D6D74C /* Main.storyboard */ = {
			isa = PBXVariantGroup;
			children = (
				41E808691CE1727D00D6D74C /* Base */,
			);
			name = Main.storyboard;
			sourceTree = "<group>";
		};
		41E8086D1CE1727D00D6D74C /* LaunchScreen.storyboard */ = {
			isa = PBXVariantGroup;
			children = (
				41E8086E1CE1727D00D6D74C /* Base */,
			);
			name = LaunchScreen.storyboard;
			sourceTree = "<group>";
		};
/* End PBXVariantGroup section */

/* Begin XCBuildConfiguration section */
		41E808871CE1727D00D6D74C /* Debug */ = {
			isa = XCBuildConfiguration;
			buildSettings = {
				ALWAYS_SEARCH_USER_PATHS = NO;
				CLANG_ANALYZER_NONNULL = YES;
				CLANG_CXX_LANGUAGE_STANDARD = "gnu++0x";
				CLANG_CXX_LIBRARY = "libc++";
				CLANG_ENABLE_MODULES = YES;
				CLANG_ENABLE_OBJC_ARC = YES;
				CLANG_WARN_BOOL_CONVERSION = YES;
				CLANG_WARN_CONSTANT_CONVERSION = YES;
				CLANG_WARN_DIRECT_OBJC_ISA_USAGE = YES_ERROR;
				CLANG_WARN_EMPTY_BODY = YES;
				CLANG_WARN_ENUM_CONVERSION = YES;
				CLANG_WARN_INT_CONVERSION = YES;
				CLANG_WARN_OBJC_ROOT_CLASS = YES_ERROR;
				CLANG_WARN_UNREACHABLE_CODE = YES;
				CLANG_WARN__DUPLICATE_METHOD_MATCH = YES;
				"CODE_SIGN_IDENTITY[sdk=iphoneos*]" = "iPhone Developer";
				COPY_PHASE_STRIP = NO;
				DEBUG_INFORMATION_FORMAT = dwarf;
				ENABLE_STRICT_OBJC_MSGSEND = YES;
				ENABLE_TESTABILITY = YES;
				GCC_C_LANGUAGE_STANDARD = gnu99;
				GCC_DYNAMIC_NO_PIC = NO;
				GCC_NO_COMMON_BLOCKS = YES;
				GCC_OPTIMIZATION_LEVEL = 0;
				GCC_PREPROCESSOR_DEFINITIONS = (
					"DEBUG=1",
					"$(inherited)",
				);
				GCC_WARN_64_TO_32_BIT_CONVERSION = YES;
				GCC_WARN_ABOUT_RETURN_TYPE = YES_ERROR;
				GCC_WARN_UNDECLARED_SELECTOR = YES;
				GCC_WARN_UNINITIALIZED_AUTOS = YES_AGGRESSIVE;
				GCC_WARN_UNUSED_FUNCTION = YES;
				GCC_WARN_UNUSED_VARIABLE = YES;
				IPHONEOS_DEPLOYMENT_TARGET = 9.3;
				MTL_ENABLE_DEBUG_INFO = YES;
				ONLY_ACTIVE_ARCH = YES;
				SDKROOT = iphoneos;
			};
			name = Debug;
		};
		41E808881CE1727D00D6D74C /* Release */ = {
			isa = XCBuildConfiguration;
			buildSettings = {
				ALWAYS_SEARCH_USER_PATHS = NO;
				CLANG_ANALYZER_NONNULL = YES;
				CLANG_CXX_LANGUAGE_STANDARD = "gnu++0x";
				CLANG_CXX_LIBRARY = "libc++";
				CLANG_ENABLE_MODULES = YES;
				CLANG_ENABLE_OBJC_ARC = YES;
				CLANG_WARN_BOOL_CONVERSION = YES;
				CLANG_WARN_CONSTANT_CONVERSION = YES;
				CLANG_WARN_DIRECT_OBJC_ISA_USAGE = YES_ERROR;
				CLANG_WARN_EMPTY_BODY = YES;
				CLANG_WARN_ENUM_CONVERSION = YES;
				CLANG_WARN_INT_CONVERSION = YES;
				CLANG_WARN_OBJC_ROOT_CLASS = YES_ERROR;
				CLANG_WARN_UNREACHABLE_CODE = YES;
				CLANG_WARN__DUPLICATE_METHOD_MATCH = YES;
				"CODE_SIGN_IDENTITY[sdk=iphoneos*]" = "iPhone Developer";
				COPY_PHASE_STRIP = NO;
				DEBUG_INFORMATION_FORMAT = "dwarf-with-dsym";
				ENABLE_NS_ASSERTIONS = NO;
				ENABLE_STRICT_OBJC_MSGSEND = YES;
				GCC_C_LANGUAGE_STANDARD = gnu99;
				GCC_NO_COMMON_BLOCKS = YES;
				GCC_WARN_64_TO_32_BIT_CONVERSION = YES;
				GCC_WARN_ABOUT_RETURN_TYPE = YES_ERROR;
				GCC_WARN_UNDECLARED_SELECTOR = YES;
				GCC_WARN_UNINITIALIZED_AUTOS = YES_AGGRESSIVE;
				GCC_WARN_UNUSED_FUNCTION = YES;
				GCC_WARN_UNUSED_VARIABLE = YES;
				IPHONEOS_DEPLOYMENT_TARGET = 9.3;
				MTL_ENABLE_DEBUG_INFO = NO;
				SDKROOT = iphoneos;
				VALIDATE_PRODUCT = YES;
			};
			name = Release;
		};
		41E8088A1CE1727D00D6D74C /* Debug */ = {
			isa = XCBuildConfiguration;
			buildSettings = {
				ASSETCATALOG_COMPILER_APPICON_NAME = AppIcon;
				INFOPLIST_FILE = "摄像头/Info.plist";
				IPHONEOS_DEPLOYMENT_TARGET = 9.2;
				LD_RUNPATH_SEARCH_PATHS = "$(inherited) @executable_path/Frameworks";
				PRODUCT_BUNDLE_IDENTIFIER = "com.mask.---";
				PRODUCT_NAME = "$(TARGET_NAME)";
			};
			name = Debug;
		};
		41E8088B1CE1727D00D6D74C /* Release */ = {
			isa = XCBuildConfiguration;
			buildSettings = {
				ASSETCATALOG_COMPILER_APPICON_NAME = AppIcon;
				INFOPLIST_FILE = "摄像头/Info.plist";
				IPHONEOS_DEPLOYMENT_TARGET = 9.2;
				LD_RUNPATH_SEARCH_PATHS = "$(inherited) @executable_path/Frameworks";
				PRODUCT_BUNDLE_IDENTIFIER = "com.mask.---";
				PRODUCT_NAME = "$(TARGET_NAME)";
			};
			name = Release;
		};
		41E8088D1CE1727D00D6D74C /* Debug */ = {
			isa = XCBuildConfiguration;
			buildSettings = {
				BUNDLE_LOADER = "$(TEST_HOST)";
				INFOPLIST_FILE = "摄像头Tests/Info.plist";
				LD_RUNPATH_SEARCH_PATHS = "$(inherited) @executable_path/Frameworks @loader_path/Frameworks";
				PRODUCT_BUNDLE_IDENTIFIER = "com.mask.---Tests";
				PRODUCT_NAME = "$(TARGET_NAME)";
				TEST_HOST = "$(BUILT_PRODUCTS_DIR)/摄像头.app/摄像头";
			};
			name = Debug;
		};
		41E8088E1CE1727D00D6D74C /* Release */ = {
			isa = XCBuildConfiguration;
			buildSettings = {
				BUNDLE_LOADER = "$(TEST_HOST)";
				INFOPLIST_FILE = "摄像头Tests/Info.plist";
				LD_RUNPATH_SEARCH_PATHS = "$(inherited) @executable_path/Frameworks @loader_path/Frameworks";
				PRODUCT_BUNDLE_IDENTIFIER = "com.mask.---Tests";
				PRODUCT_NAME = "$(TARGET_NAME)";
				TEST_HOST = "$(BUILT_PRODUCTS_DIR)/摄像头.app/摄像头";
			};
			name = Release;
		};
		41E808901CE1727D00D6D74C /* Debug */ = {
			isa = XCBuildConfiguration;
			buildSettings = {
				INFOPLIST_FILE = "摄像头UITests/Info.plist";
				LD_RUNPATH_SEARCH_PATHS = "$(inherited) @executable_path/Frameworks @loader_path/Frameworks";
				PRODUCT_BUNDLE_IDENTIFIER = "com.mask.---UITests";
				PRODUCT_NAME = "$(TARGET_NAME)";
				TEST_TARGET_NAME = "摄像头";
			};
			name = Debug;
		};
		41E808911CE1727D00D6D74C /* Release */ = {
			isa = XCBuildConfiguration;
			buildSettings = {
				INFOPLIST_FILE = "摄像头UITests/Info.plist";
				LD_RUNPATH_SEARCH_PATHS = "$(inherited) @executable_path/Frameworks @loader_path/Frameworks";
				PRODUCT_BUNDLE_IDENTIFIER = "com.mask.---UITests";
				PRODUCT_NAME = "$(TARGET_NAME)";
				TEST_TARGET_NAME = "摄像头";
			};
			name = Release;
		};
/* End XCBuildConfiguration section */

/* Begin XCConfigurationList section */
		41E808571CE1727D00D6D74C /* Build configuration list for PBXProject "摄像头" */ = {
			isa = XCConfigurationList;
			buildConfigurations = (
				41E808871CE1727D00D6D74C /* Debug */,
				41E808881CE1727D00D6D74C /* Release */,
			);
			defaultConfigurationIsVisible = 0;
			defaultConfigurationName = Release;
		};
		41E808891CE1727D00D6D74C /* Build configuration list for PBXNativeTarget "摄像头" */ = {
			isa = XCConfigurationList;
			buildConfigurations = (
				41E8088A1CE1727D00D6D74C /* Debug */,
				41E8088B1CE1727D00D6D74C /* Release */,
			);
			defaultConfigurationIsVisible = 0;
			defaultConfigurationName = Release;
		};
		41E8088C1CE1727D00D6D74C /* Build configuration list for PBXNativeTarget "摄像头Tests" */ = {
			isa = XCConfigurationList;
			buildConfigurations = (
				41E8088D1CE1727D00D6D74C /* Debug */,
				41E8088E1CE1727D00D6D74C /* Release */,
			);
			defaultConfigurationIsVisible = 0;
			defaultConfigurationName = Release;
		};
		41E8088F1CE1727D00D6D74C /* Build configuration list for PBXNativeTarget "摄像头UITests" */ = {
			isa = XCConfigurationList;
			buildConfigurations = (
				41E808901CE1727D00D6D74C /* Debug */,
				41E808911CE1727D00D6D74C /* Release */,
			);
			defaultConfigurationIsVisible = 0;
			defaultConfigurationName = Release;
		};
/* End XCConfigurationList section */
	};
	rootObject = 41E808541CE1727D00D6D74C /* Project object */;
}
